
Microsoft Visual Studio Solution File, Format Version 12.00
# Visual Studio Version 17
VisualStudioVersion = 17.4.33103.184
MinimumVisualStudioVersion = 10.0.40219.1
Project("{2150E333-8FDC-42A3-9474-1A3956D46DE8}") = "1. Presentation", "1. Presentation", "{2641E105-40FD-466E-B31D-F1D970E60B29}"
EndProject
Project("{2150E333-8FDC-42A3-9474-1A3956D46DE8}") = "2. Infrastructure", "2. Infrastructure", "{8EE95C7E-D7D6-4296-91EA-A809A01B6A03}"
EndProject
Project("{9A19103F-16F7-4668-BE54-9A1E7A4F7556}") = "MtGCard_API", "MtGCard_API\MtGCard_API.csproj", "{F11C79F7-0C84-4471-AEA2-3B38E6A2C781}"
EndProject
Project("{2150E333-8FDC-42A3-9474-1A3956D46DE8}") = "3. Application", "3. Application", "{12992855-F9FB-4F07-BFCD-BD25CFB299BD}"
EndProject
Project("{9A19103F-16F7-4668-BE54-9A1E7A4F7556}") = "MtGCard_Service", "MtGCard_Service\MtGCard_Service.csproj", "{D7BCF23E-9239-4B83-8CCF-745E1A246790}"
EndProject
Project("{2150E333-8FDC-42A3-9474-1A3956D46DE8}") = "4. Domain", "4. Domain", "{E3E27C8A-0E78-4689-A2EF-E9F4C2A43433}"
EndProject
Project("{2150E333-8FDC-42A3-9474-1A3956D46DE8}") = "0. Test", "0. Test", "{CAA8935A-F195-47E2-AFBB-F5DA3C411C68}"
EndProject
Project("{9A19103F-16F7-4668-BE54-9A1E7A4F7556}") = "MtGDomain", "MtGDomain\MtGDomain.csproj", "{FA6B8EAE-83BE-49EA-B1E5-DE86558F4F82}"
EndProject
Project("{9A19103F-16F7-4668-BE54-9A1E7A4F7556}") = "GenerateGuid", "GenerateGuid\GenerateGuid.csproj", "{0DCCA24A-81DC-4987-846D-A3812806943C}"
EndProject
Project("{9A19103F-16F7-4668-BE54-9A1E7A4F7556}") = "FormattingText", "FormattingText\FormattingText.csproj", "{DF94CE3F-98B8-49F5-AB5A-47F1ADCF13D7}"
EndProject
Project("{9A19103F-16F7-4668-BE54-9A1E7A4F7556}") = "FormattingTextTests", "FormattingTextTests\FormattingTextTests.csproj", "{B511B463-A0B0-43FE-9DF1-4307BC8F3BEC}"
EndProject
Project("{9A19103F-16F7-4668-BE54-9A1E7A4F7556}") = "MtGApi", "Portal.Api\MtGApi.csproj", "{F4B5B657-5996-4539-AD7B-DD277851049B}"
EndProject
Project("{9A19103F-16F7-4668-BE54-9A1E7A4F7556}") = "MagicRepositories", "MagicRepositories\MagicRepositories.csproj", "{1C8B2AA8-D18A-48C5-9C79-B8172A6605A2}"
EndProject
Project("{9A19103F-16F7-4668-BE54-9A1E7A4F7556}") = "RazorSharedLib", "RazorSharedLib\RazorSharedLib.csproj", "{0EB06039-F732-42D2-BB5D-C338D01FAC82}"
EndProject
Project("{FAE04EC0-301F-11D3-BF4B-00C04F79EFBC}") = "GamePortalTests", "GamePortalTests\GamePortalTests.csproj", "{16894EEB-7672-464A-A631-5832B18C6194}"
EndProject
Project("{9A19103F-16F7-4668-BE54-9A1E7A4F7556}") = "GameAssistantServerApp", "GameAssistantServerApp\GameAssistantServerApp.csproj", "{873A0BD3-1C82-4D6F-98E1-4594C3B1AA2C}"
EndProject
Global
	GlobalSection(SolutionConfigurationPlatforms) = preSolution
		Debug|Any CPU = Debug|Any CPU
		Release|Any CPU = Release|Any CPU
	EndGlobalSection
	GlobalSection(ProjectConfigurationPlatforms) = postSolution
		{F11C79F7-0C84-4471-AEA2-3B38E6A2C781}.Debug|Any CPU.ActiveCfg = Debug|Any CPU
		{F11C79F7-0C84-4471-AEA2-3B38E6A2C781}.Debug|Any CPU.Build.0 = Debug|Any CPU
		{F11C79F7-0C84-4471-AEA2-3B38E6A2C781}.Release|Any CPU.ActiveCfg = Release|Any CPU
		{F11C79F7-0C84-4471-AEA2-3B38E6A2C781}.Release|Any CPU.Build.0 = Release|Any CPU
		{D7BCF23E-9239-4B83-8CCF-745E1A246790}.Debug|Any CPU.ActiveCfg = Debug|Any CPU
		{D7BCF23E-9239-4B83-8CCF-745E1A246790}.Debug|Any CPU.Build.0 = Debug|Any CPU
		{D7BCF23E-9239-4B83-8CCF-745E1A246790}.Release|Any CPU.ActiveCfg = Release|Any CPU
		{D7BCF23E-9239-4B83-8CCF-745E1A246790}.Release|Any CPU.Build.0 = Release|Any CPU
		{FA6B8EAE-83BE-49EA-B1E5-DE86558F4F82}.Debug|Any CPU.ActiveCfg = Debug|Any CPU
		{FA6B8EAE-83BE-49EA-B1E5-DE86558F4F82}.Debug|Any CPU.Build.0 = Debug|Any CPU
		{FA6B8EAE-83BE-49EA-B1E5-DE86558F4F82}.Release|Any CPU.ActiveCfg = Release|Any CPU
		{FA6B8EAE-83BE-49EA-B1E5-DE86558F4F82}.Release|Any CPU.Build.0 = Release|Any CPU
		{0DCCA24A-81DC-4987-846D-A3812806943C}.Debug|Any CPU.ActiveCfg = Debug|Any CPU
		{0DCCA24A-81DC-4987-846D-A3812806943C}.Debug|Any CPU.Build.0 = Debug|Any CPU
		{0DCCA24A-81DC-4987-846D-A3812806943C}.Release|Any CPU.ActiveCfg = Release|Any CPU
		{0DCCA24A-81DC-4987-846D-A3812806943C}.Release|Any CPU.Build.0 = Release|Any CPU
		{DF94CE3F-98B8-49F5-AB5A-47F1ADCF13D7}.Debug|Any CPU.ActiveCfg = Debug|Any CPU
		{DF94CE3F-98B8-49F5-AB5A-47F1ADCF13D7}.Debug|Any CPU.Build.0 = Debug|Any CPU
		{DF94CE3F-98B8-49F5-AB5A-47F1ADCF13D7}.Release|Any CPU.ActiveCfg = Release|Any CPU
		{DF94CE3F-98B8-49F5-AB5A-47F1ADCF13D7}.Release|Any CPU.Build.0 = Release|Any CPU
		{B511B463-A0B0-43FE-9DF1-4307BC8F3BEC}.Debug|Any CPU.ActiveCfg = Debug|Any CPU
		{B511B463-A0B0-43FE-9DF1-4307BC8F3BEC}.Debug|Any CPU.Build.0 = Debug|Any CPU
		{B511B463-A0B0-43FE-9DF1-4307BC8F3BEC}.Release|Any CPU.ActiveCfg = Release|Any CPU
		{B511B463-A0B0-43FE-9DF1-4307BC8F3BEC}.Release|Any CPU.Build.0 = Release|Any CPU
		{F4B5B657-5996-4539-AD7B-DD277851049B}.Debug|Any CPU.ActiveCfg = Debug|Any CPU
		{F4B5B657-5996-4539-AD7B-DD277851049B}.Debug|Any CPU.Build.0 = Debug|Any CPU
		{F4B5B657-5996-4539-AD7B-DD277851049B}.Release|Any CPU.ActiveCfg = Release|Any CPU
		{F4B5B657-5996-4539-AD7B-DD277851049B}.Release|Any CPU.Build.0 = Release|Any CPU
		{1C8B2AA8-D18A-48C5-9C79-B8172A6605A2}.Debug|Any CPU.ActiveCfg = Debug|Any CPU
		{1C8B2AA8-D18A-48C5-9C79-B8172A6605A2}.Debug|Any CPU.Build.0 = Debug|Any CPU
		{1C8B2AA8-D18A-48C5-9C79-B8172A6605A2}.Release|Any CPU.ActiveCfg = Release|Any CPU
		{1C8B2AA8-D18A-48C5-9C79-B8172A6605A2}.Release|Any CPU.Build.0 = Release|Any CPU
		{0EB06039-F732-42D2-BB5D-C338D01FAC82}.Debug|Any CPU.ActiveCfg = Debug|Any CPU
		{0EB06039-F732-42D2-BB5D-C338D01FAC82}.Debug|Any CPU.Build.0 = Debug|Any CPU
		{0EB06039-F732-42D2-BB5D-C338D01FAC82}.Release|Any CPU.ActiveCfg = Release|Any CPU
		{0EB06039-F732-42D2-BB5D-C338D01FAC82}.Release|Any CPU.Build.0 = Release|Any CPU
		{16894EEB-7672-464A-A631-5832B18C6194}.Debug|Any CPU.ActiveCfg = Debug|Any CPU
		{16894EEB-7672-464A-A631-5832B18C6194}.Debug|Any CPU.Build.0 = Debug|Any CPU
		{16894EEB-7672-464A-A631-5832B18C6194}.Release|Any CPU.ActiveCfg = Release|Any CPU
		{16894EEB-7672-464A-A631-5832B18C6194}.Release|Any CPU.Build.0 = Release|Any CPU
		{873A0BD3-1C82-4D6F-98E1-4594C3B1AA2C}.Debug|Any CPU.ActiveCfg = Debug|Any CPU
		{873A0BD3-1C82-4D6F-98E1-4594C3B1AA2C}.Debug|Any CPU.Build.0 = Debug|Any CPU
		{873A0BD3-1C82-4D6F-98E1-4594C3B1AA2C}.Release|Any CPU.ActiveCfg = Release|Any CPU
		{873A0BD3-1C82-4D6F-98E1-4594C3B1AA2C}.Release|Any CPU.Build.0 = Release|Any CPU
	EndGlobalSection
	GlobalSection(SolutionProperties) = preSolution
		HideSolutionNode = FALSE
	EndGlobalSection
	GlobalSection(NestedProjects) = preSolution
		{F11C79F7-0C84-4471-AEA2-3B38E6A2C781} = {8EE95C7E-D7D6-4296-91EA-A809A01B6A03}
		{D7BCF23E-9239-4B83-8CCF-745E1A246790} = {12992855-F9FB-4F07-BFCD-BD25CFB299BD}
		{FA6B8EAE-83BE-49EA-B1E5-DE86558F4F82} = {E3E27C8A-0E78-4689-A2EF-E9F4C2A43433}
		{0DCCA24A-81DC-4987-846D-A3812806943C} = {12992855-F9FB-4F07-BFCD-BD25CFB299BD}
		{DF94CE3F-98B8-49F5-AB5A-47F1ADCF13D7} = {12992855-F9FB-4F07-BFCD-BD25CFB299BD}
		{B511B463-A0B0-43FE-9DF1-4307BC8F3BEC} = {CAA8935A-F195-47E2-AFBB-F5DA3C411C68}
		{F4B5B657-5996-4539-AD7B-DD277851049B} = {2641E105-40FD-466E-B31D-F1D970E60B29}
		{1C8B2AA8-D18A-48C5-9C79-B8172A6605A2} = {8EE95C7E-D7D6-4296-91EA-A809A01B6A03}
		{0EB06039-F732-42D2-BB5D-C338D01FAC82} = {2641E105-40FD-466E-B31D-F1D970E60B29}
		{16894EEB-7672-464A-A631-5832B18C6194} = {CAA8935A-F195-47E2-AFBB-F5DA3C411C68}
		{873A0BD3-1C82-4D6F-98E1-4594C3B1AA2C} = {2641E105-40FD-466E-B31D-F1D970E60B29}
	EndGlobalSection
	GlobalSection(ExtensibilityGlobals) = postSolution
		SolutionGuid = {BBDAA65E-C9C1-4A78-8768-F12836634D47}
	EndGlobalSection
EndGlobal
