
Microsoft Visual Studio Solution File, Format Version 12.00
# Visual Studio Version 17
VisualStudioVersion = 17.4.33103.184
MinimumVisualStudioVersion = 10.0.40219.1
Project("{9A19103F-16F7-4668-BE54-9A1E7A4F7556}") = "Portal", "Portal\Portal.csproj", "{36882B8E-1840-4174-A585-E5D925F721D8}"
EndProject
Project("{2150E333-8FDC-42A3-9474-1A3956D46DE8}") = "1. Presentation", "1. Presentation", "{2641E105-40FD-466E-B31D-F1D970E60B29}"
EndProject
Project("{2150E333-8FDC-42A3-9474-1A3956D46DE8}") = "2. Infrastructure", "2. Infrastructure", "{8EE95C7E-D7D6-4296-91EA-A809A01B6A03}"
EndProject
Project("{9A19103F-16F7-4668-BE54-9A1E7A4F7556}") = "MtGCard_API", "MtGCard_API\MtGCard_API.csproj", "{F11C79F7-0C84-4471-AEA2-3B38E6A2C781}"
EndProject
Project("{2150E333-8FDC-42A3-9474-1A3956D46DE8}") = "3. Application", "3. Application", "{12992855-F9FB-4F07-BFCD-BD25CFB299BD}"
EndProject
Project("{9A19103F-16F7-4668-BE54-9A1E7A4F7556}") = "MtGCard_Service", "MtGCard_Service\MtGCard_Service.csproj", "{D7BCF23E-9239-4B83-8CCF-745E1A246790}"
EndProject
Project("{2150E333-8FDC-42A3-9474-1A3956D46DE8}") = "4. Domain", "4. Domain", "{E3E27C8A-0E78-4689-A2EF-E9F4C2A43433}"
EndProject
Project("{2150E333-8FDC-42A3-9474-1A3956D46DE8}") = "0. Test", "0. Test", "{CAA8935A-F195-47E2-AFBB-F5DA3C411C68}"
EndProject
Project("{9A19103F-16F7-4668-BE54-9A1E7A4F7556}") = "MtGDomain", "MtGDomain\MtGDomain.csproj", "{FA6B8EAE-83BE-49EA-B1E5-DE86558F4F82}"
EndProject
Project("{9A19103F-16F7-4668-BE54-9A1E7A4F7556}") = "UnitTestForSolution", "UnitTestForSolution\UnitTestForSolution.csproj", "{A551A316-278A-4FA7-B5C4-BC58A2E53DDD}"
EndProject
Project("{9A19103F-16F7-4668-BE54-9A1E7A4F7556}") = "GenerateGuid", "GenerateGuid\GenerateGuid.csproj", "{0DCCA24A-81DC-4987-846D-A3812806943C}"
EndProject
Project("{9A19103F-16F7-4668-BE54-9A1E7A4F7556}") = "FormattingText", "FormattingText\FormattingText.csproj", "{DF94CE3F-98B8-49F5-AB5A-47F1ADCF13D7}"
EndProject
Project("{9A19103F-16F7-4668-BE54-9A1E7A4F7556}") = "FormattingTextTests", "FormattingTextTests\FormattingTextTests.csproj", "{B511B463-A0B0-43FE-9DF1-4307BC8F3BEC}"
EndProject
Project("{9A19103F-16F7-4668-BE54-9A1E7A4F7556}") = "FrontendMagicBasicTests", "FrontendMagicBasicTests\FrontendMagicBasicTests.csproj", "{E633A557-4189-4FED-82D8-AA3CB934DD3B}"
EndProject
Project("{9A19103F-16F7-4668-BE54-9A1E7A4F7556}") = "IntegrationTests", "IntegrationTests\IntegrationTests.csproj", "{5044B765-D2F4-4955-9759-B91878A938A6}"
EndProject
Project("{9A19103F-16F7-4668-BE54-9A1E7A4F7556}") = "HybridMauiClient", "HybridMauiClient\HybridMauiClient.csproj", "{7C8F8B4C-BB4B-4A2D-9A9C-E754F0C813C1}"
EndProject
Project("{9A19103F-16F7-4668-BE54-9A1E7A4F7556}") = "SpecFlowTests", "SpecFlowTests\SpecFlowTests.csproj", "{D8145233-F4AD-47B6-93D1-67428E56862E}"
EndProject
Project("{FAE04EC0-301F-11D3-BF4B-00C04F79EFBC}") = "Portal.Api", "Portal.Api\Portal.Api.csproj", "{F4B5B657-5996-4539-AD7B-DD277851049B}"
EndProject
Project("{FAE04EC0-301F-11D3-BF4B-00C04F79EFBC}") = "MagicRepositories", "MagicRepositories\MagicRepositories.csproj", "{1C8B2AA8-D18A-48C5-9C79-B8172A6605A2}"
EndProject
Global
	GlobalSection(SolutionConfigurationPlatforms) = preSolution
		Debug|Any CPU = Debug|Any CPU
		Release|Any CPU = Release|Any CPU
	EndGlobalSection
	GlobalSection(ProjectConfigurationPlatforms) = postSolution
		{36882B8E-1840-4174-A585-E5D925F721D8}.Debug|Any CPU.ActiveCfg = Debug|Any CPU
		{36882B8E-1840-4174-A585-E5D925F721D8}.Debug|Any CPU.Build.0 = Debug|Any CPU
		{36882B8E-1840-4174-A585-E5D925F721D8}.Release|Any CPU.ActiveCfg = Release|Any CPU
		{36882B8E-1840-4174-A585-E5D925F721D8}.Release|Any CPU.Build.0 = Release|Any CPU
		{F11C79F7-0C84-4471-AEA2-3B38E6A2C781}.Debug|Any CPU.ActiveCfg = Debug|Any CPU
		{F11C79F7-0C84-4471-AEA2-3B38E6A2C781}.Debug|Any CPU.Build.0 = Debug|Any CPU
		{F11C79F7-0C84-4471-AEA2-3B38E6A2C781}.Release|Any CPU.ActiveCfg = Release|Any CPU
		{F11C79F7-0C84-4471-AEA2-3B38E6A2C781}.Release|Any CPU.Build.0 = Release|Any CPU
		{D7BCF23E-9239-4B83-8CCF-745E1A246790}.Debug|Any CPU.ActiveCfg = Debug|Any CPU
		{D7BCF23E-9239-4B83-8CCF-745E1A246790}.Debug|Any CPU.Build.0 = Debug|Any CPU
		{D7BCF23E-9239-4B83-8CCF-745E1A246790}.Release|Any CPU.ActiveCfg = Release|Any CPU
		{D7BCF23E-9239-4B83-8CCF-745E1A246790}.Release|Any CPU.Build.0 = Release|Any CPU
		{FA6B8EAE-83BE-49EA-B1E5-DE86558F4F82}.Debug|Any CPU.ActiveCfg = Debug|Any CPU
		{FA6B8EAE-83BE-49EA-B1E5-DE86558F4F82}.Debug|Any CPU.Build.0 = Debug|Any CPU
		{FA6B8EAE-83BE-49EA-B1E5-DE86558F4F82}.Release|Any CPU.ActiveCfg = Release|Any CPU
		{FA6B8EAE-83BE-49EA-B1E5-DE86558F4F82}.Release|Any CPU.Build.0 = Release|Any CPU
		{A551A316-278A-4FA7-B5C4-BC58A2E53DDD}.Debug|Any CPU.ActiveCfg = Debug|Any CPU
		{A551A316-278A-4FA7-B5C4-BC58A2E53DDD}.Debug|Any CPU.Build.0 = Debug|Any CPU
		{A551A316-278A-4FA7-B5C4-BC58A2E53DDD}.Release|Any CPU.ActiveCfg = Release|Any CPU
		{A551A316-278A-4FA7-B5C4-BC58A2E53DDD}.Release|Any CPU.Build.0 = Release|Any CPU
		{0DCCA24A-81DC-4987-846D-A3812806943C}.Debug|Any CPU.ActiveCfg = Debug|Any CPU
		{0DCCA24A-81DC-4987-846D-A3812806943C}.Debug|Any CPU.Build.0 = Debug|Any CPU
		{0DCCA24A-81DC-4987-846D-A3812806943C}.Release|Any CPU.ActiveCfg = Release|Any CPU
		{0DCCA24A-81DC-4987-846D-A3812806943C}.Release|Any CPU.Build.0 = Release|Any CPU
		{DF94CE3F-98B8-49F5-AB5A-47F1ADCF13D7}.Debug|Any CPU.ActiveCfg = Debug|Any CPU
		{DF94CE3F-98B8-49F5-AB5A-47F1ADCF13D7}.Debug|Any CPU.Build.0 = Debug|Any CPU
		{DF94CE3F-98B8-49F5-AB5A-47F1ADCF13D7}.Release|Any CPU.ActiveCfg = Release|Any CPU
		{DF94CE3F-98B8-49F5-AB5A-47F1ADCF13D7}.Release|Any CPU.Build.0 = Release|Any CPU
		{B511B463-A0B0-43FE-9DF1-4307BC8F3BEC}.Debug|Any CPU.ActiveCfg = Debug|Any CPU
		{B511B463-A0B0-43FE-9DF1-4307BC8F3BEC}.Debug|Any CPU.Build.0 = Debug|Any CPU
		{B511B463-A0B0-43FE-9DF1-4307BC8F3BEC}.Release|Any CPU.ActiveCfg = Release|Any CPU
		{B511B463-A0B0-43FE-9DF1-4307BC8F3BEC}.Release|Any CPU.Build.0 = Release|Any CPU
		{E633A557-4189-4FED-82D8-AA3CB934DD3B}.Debug|Any CPU.ActiveCfg = Debug|Any CPU
		{E633A557-4189-4FED-82D8-AA3CB934DD3B}.Debug|Any CPU.Build.0 = Debug|Any CPU
		{E633A557-4189-4FED-82D8-AA3CB934DD3B}.Release|Any CPU.ActiveCfg = Release|Any CPU
		{E633A557-4189-4FED-82D8-AA3CB934DD3B}.Release|Any CPU.Build.0 = Release|Any CPU
		{5044B765-D2F4-4955-9759-B91878A938A6}.Debug|Any CPU.ActiveCfg = Debug|Any CPU
		{5044B765-D2F4-4955-9759-B91878A938A6}.Debug|Any CPU.Build.0 = Debug|Any CPU
		{5044B765-D2F4-4955-9759-B91878A938A6}.Release|Any CPU.ActiveCfg = Release|Any CPU
		{5044B765-D2F4-4955-9759-B91878A938A6}.Release|Any CPU.Build.0 = Release|Any CPU
		{7C8F8B4C-BB4B-4A2D-9A9C-E754F0C813C1}.Debug|Any CPU.ActiveCfg = Debug|Any CPU
		{7C8F8B4C-BB4B-4A2D-9A9C-E754F0C813C1}.Debug|Any CPU.Build.0 = Debug|Any CPU
		{7C8F8B4C-BB4B-4A2D-9A9C-E754F0C813C1}.Debug|Any CPU.Deploy.0 = Debug|Any CPU
		{7C8F8B4C-BB4B-4A2D-9A9C-E754F0C813C1}.Release|Any CPU.ActiveCfg = Release|Any CPU
		{7C8F8B4C-BB4B-4A2D-9A9C-E754F0C813C1}.Release|Any CPU.Build.0 = Release|Any CPU
		{7C8F8B4C-BB4B-4A2D-9A9C-E754F0C813C1}.Release|Any CPU.Deploy.0 = Release|Any CPU
		{D8145233-F4AD-47B6-93D1-67428E56862E}.Debug|Any CPU.ActiveCfg = Debug|Any CPU
		{D8145233-F4AD-47B6-93D1-67428E56862E}.Debug|Any CPU.Build.0 = Debug|Any CPU
		{D8145233-F4AD-47B6-93D1-67428E56862E}.Release|Any CPU.ActiveCfg = Release|Any CPU
		{D8145233-F4AD-47B6-93D1-67428E56862E}.Release|Any CPU.Build.0 = Release|Any CPU
		{F4B5B657-5996-4539-AD7B-DD277851049B}.Debug|Any CPU.ActiveCfg = Debug|Any CPU
		{F4B5B657-5996-4539-AD7B-DD277851049B}.Debug|Any CPU.Build.0 = Debug|Any CPU
		{F4B5B657-5996-4539-AD7B-DD277851049B}.Release|Any CPU.ActiveCfg = Release|Any CPU
		{F4B5B657-5996-4539-AD7B-DD277851049B}.Release|Any CPU.Build.0 = Release|Any CPU
		{1C8B2AA8-D18A-48C5-9C79-B8172A6605A2}.Debug|Any CPU.ActiveCfg = Debug|Any CPU
		{1C8B2AA8-D18A-48C5-9C79-B8172A6605A2}.Debug|Any CPU.Build.0 = Debug|Any CPU
		{1C8B2AA8-D18A-48C5-9C79-B8172A6605A2}.Release|Any CPU.ActiveCfg = Release|Any CPU
		{1C8B2AA8-D18A-48C5-9C79-B8172A6605A2}.Release|Any CPU.Build.0 = Release|Any CPU
	EndGlobalSection
	GlobalSection(SolutionProperties) = preSolution
		HideSolutionNode = FALSE
	EndGlobalSection
	GlobalSection(NestedProjects) = preSolution
		{36882B8E-1840-4174-A585-E5D925F721D8} = {2641E105-40FD-466E-B31D-F1D970E60B29}
		{F11C79F7-0C84-4471-AEA2-3B38E6A2C781} = {8EE95C7E-D7D6-4296-91EA-A809A01B6A03}
		{D7BCF23E-9239-4B83-8CCF-745E1A246790} = {12992855-F9FB-4F07-BFCD-BD25CFB299BD}
		{FA6B8EAE-83BE-49EA-B1E5-DE86558F4F82} = {E3E27C8A-0E78-4689-A2EF-E9F4C2A43433}
		{A551A316-278A-4FA7-B5C4-BC58A2E53DDD} = {CAA8935A-F195-47E2-AFBB-F5DA3C411C68}
		{0DCCA24A-81DC-4987-846D-A3812806943C} = {12992855-F9FB-4F07-BFCD-BD25CFB299BD}
		{DF94CE3F-98B8-49F5-AB5A-47F1ADCF13D7} = {12992855-F9FB-4F07-BFCD-BD25CFB299BD}
		{B511B463-A0B0-43FE-9DF1-4307BC8F3BEC} = {CAA8935A-F195-47E2-AFBB-F5DA3C411C68}
		{E633A557-4189-4FED-82D8-AA3CB934DD3B} = {CAA8935A-F195-47E2-AFBB-F5DA3C411C68}
		{5044B765-D2F4-4955-9759-B91878A938A6} = {CAA8935A-F195-47E2-AFBB-F5DA3C411C68}
		{7C8F8B4C-BB4B-4A2D-9A9C-E754F0C813C1} = {2641E105-40FD-466E-B31D-F1D970E60B29}
		{D8145233-F4AD-47B6-93D1-67428E56862E} = {CAA8935A-F195-47E2-AFBB-F5DA3C411C68}
		{F4B5B657-5996-4539-AD7B-DD277851049B} = {2641E105-40FD-466E-B31D-F1D970E60B29}
		{1C8B2AA8-D18A-48C5-9C79-B8172A6605A2} = {8EE95C7E-D7D6-4296-91EA-A809A01B6A03}
	EndGlobalSection
	GlobalSection(ExtensibilityGlobals) = postSolution
		SolutionGuid = {BBDAA65E-C9C1-4A78-8768-F12836634D47}
	EndGlobalSection
EndGlobal
